
Microsoft Visual Studio Solution File, Format Version 12.00
# Visual Studio Version 17
VisualStudioVersion = 17.0.31903.59
MinimumVisualStudioVersion = 10.0.40219.1
Project("{2150E333-8FDC-42A3-9474-1A3956D46DE8}") = "src", "src", "{277A73AC-4174-46F3-BD6B-09F7C5899973}"
EndProject
Project("{2150E333-8FDC-42A3-9474-1A3956D46DE8}") = "Shared", "Shared", "{EB2CC916-5632-447A-9510-37768DC422AF}"
EndProject
Project("{FAE04EC0-301F-11D3-BF4B-00C04F79EFBC}") = "IDCOL.CBS.SharedKernel", "src\Shared\IDCOL.CBS.SharedKernel\IDCOL.CBS.SharedKernel.csproj", "{7A8BD6A1-7F84-42C4-8D35-08AE4D96789B}"
EndProject
Project("{FAE04EC0-301F-11D3-BF4B-00C04F79EFBC}") = "IDCOL.CBS.BuildingBlocks.Domain", "src\Shared\IDCOL.CBS.BuildingBlocks.Domain\IDCOL.CBS.BuildingBlocks.Domain.csproj", "{3B6E9CA9-A44E-472C-9FF0-571AC1AE7E75}"
EndProject
Project("{FAE04EC0-301F-11D3-BF4B-00C04F79EFBC}") = "IDCOL.CBS.BuildingBlocks.Application", "src\Shared\IDCOL.CBS.BuildingBlocks.Application\IDCOL.CBS.BuildingBlocks.Application.csproj", "{74170980-D6A8-4B04-9AE1-FB541D365DCB}"
EndProject
Project("{2150E333-8FDC-42A3-9474-1A3956D46DE8}") = "Modules", "Modules", "{57B760EC-D484-4B97-BD1D-6625ED19ABFE}"
EndProject
Project("{2150E333-8FDC-42A3-9474-1A3956D46DE8}") = "SystemAdmin", "SystemAdmin", "{0A25BAC6-5013-4F71-AD45-D444B37AD445}"
EndProject
Project("{FAE04EC0-301F-11D3-BF4B-00C04F79EFBC}") = "IDCOL.CBS.SystemAdmin.Domain", "src\Modules\SystemAdmin\IDCOL.CBS.SystemAdmin.Domain\IDCOL.CBS.SystemAdmin.Domain.csproj", "{85238F85-2308-4E7C-AEFC-0D4E34568C16}"
EndProject
Project("{FAE04EC0-301F-11D3-BF4B-00C04F79EFBC}") = "IDCOL.CBS.SystemAdmin.Application", "src\Modules\SystemAdmin\IDCOL.CBS.SystemAdmin.Application\IDCOL.CBS.SystemAdmin.Application.csproj", "{77FC4936-8C15-4614-9B31-A820816BC7D6}"
EndProject
Project("{FAE04EC0-301F-11D3-BF4B-00C04F79EFBC}") = "IDCOL.CBS.SystemAdmin.Infrastructure", "src\Modules\SystemAdmin\IDCOL.CBS.SystemAdmin.Infrastructure\IDCOL.CBS.SystemAdmin.Infrastructure.csproj", "{27A60E6F-00C7-417B-90B6-D927736755B8}"
EndProject
Project("{2150E333-8FDC-42A3-9474-1A3956D46DE8}") = "host", "host", "{5D27B827-81E3-4A16-8E78-E7951DB1D4BF}"
EndProject
Project("{FAE04EC0-301F-11D3-BF4B-00C04F79EFBC}") = "IDCOL.CBS.Api", "host\IDCOL.CBS.Api\IDCOL.CBS.Api.csproj", "{9788F3FD-322D-40CF-B838-A42872BD7695}"
EndProject
Project("{FAE04EC0-301F-11D3-BF4B-00C04F79EFBC}") = "IDCOL.CBS.Worker", "host\IDCOL.CBS.Worker\IDCOL.CBS.Worker.csproj", "{2D4DAEFA-A0E4-47D2-9367-ED1ABF2EB937}"
EndProject
Project("{2150E333-8FDC-42A3-9474-1A3956D46DE8}") = "tests", "tests", "{CFC63B99-C402-48B1-B90E-3EE0D4560AE0}"
EndProject
Project("{FAE04EC0-301F-11D3-BF4B-00C04F79EFBC}") = "IDCOL.CBS.SharedKernel.Tests", "tests\IDCOL.CBS.SharedKernel.Tests\IDCOL.CBS.SharedKernel.Tests.csproj", "{1D6C866F-8564-4ACE-8715-88A352AEF5FF}"
EndProject
Project("{FAE04EC0-301F-11D3-BF4B-00C04F79EFBC}") = "IDCOL.CBS.SystemAdmin.Domain.Tests", "tests\IDCOL.CBS.SystemAdmin.Domain.Tests\IDCOL.CBS.SystemAdmin.Domain.Tests.csproj", "{2BEB8EA0-21EA-41E4-BFFD-623C318BAE44}"
EndProject
Project("{FAE04EC0-301F-11D3-BF4B-00C04F79EFBC}") = "IDCOL.CBS.SystemAdmin.Infrastructure.IntegrationTests", "tests\IDCOL.CBS.SystemAdmin.Infrastructure.IntegrationTests\IDCOL.CBS.SystemAdmin.Infrastructure.IntegrationTests.csproj", "{FAF21FAD-B09A-48E1-83FC-259230D3905B}"
EndProject
Project("{FAE04EC0-301F-11D3-BF4B-00C04F79EFBC}") = "IDCOL.CBS.Api.IntegrationTests", "tests\IDCOL.CBS.Api.IntegrationTests\IDCOL.CBS.Api.IntegrationTests.csproj", "{0689A387-AAF4-4E5A-B500-6654155166D6}"
EndProject
Global
	GlobalSection(SolutionConfigurationPlatforms) = preSolution
		Debug|Any CPU = Debug|Any CPU
		Release|Any CPU = Release|Any CPU
	EndGlobalSection
	GlobalSection(SolutionProperties) = preSolution
		HideSolutionNode = FALSE
	EndGlobalSection
	GlobalSection(ProjectConfigurationPlatforms) = postSolution
		{7A8BD6A1-7F84-42C4-8D35-08AE4D96789B}.Debug|Any CPU.ActiveCfg = Debug|Any CPU
		{7A8BD6A1-7F84-42C4-8D35-08AE4D96789B}.Debug|Any CPU.Build.0 = Debug|Any CPU
		{7A8BD6A1-7F84-42C4-8D35-08AE4D96789B}.Release|Any CPU.ActiveCfg = Release|Any CPU
		{7A8BD6A1-7F84-42C4-8D35-08AE4D96789B}.Release|Any CPU.Build.0 = Release|Any CPU
		{3B6E9CA9-A44E-472C-9FF0-571AC1AE7E75}.Debug|Any CPU.ActiveCfg = Debug|Any CPU
		{3B6E9CA9-A44E-472C-9FF0-571AC1AE7E75}.Debug|Any CPU.Build.0 = Debug|Any CPU
		{3B6E9CA9-A44E-472C-9FF0-571AC1AE7E75}.Release|Any CPU.ActiveCfg = Release|Any CPU
		{3B6E9CA9-A44E-472C-9FF0-571AC1AE7E75}.Release|Any CPU.Build.0 = Release|Any CPU
		{74170980-D6A8-4B04-9AE1-FB541D365DCB}.Debug|Any CPU.ActiveCfg = Debug|Any CPU
		{74170980-D6A8-4B04-9AE1-FB541D365DCB}.Debug|Any CPU.Build.0 = Debug|Any CPU
		{74170980-D6A8-4B04-9AE1-FB541D365DCB}.Release|Any CPU.ActiveCfg = Release|Any CPU
		{74170980-D6A8-4B04-9AE1-FB541D365DCB}.Release|Any CPU.Build.0 = Release|Any CPU
		{85238F85-2308-4E7C-AEFC-0D4E34568C16}.Debug|Any CPU.ActiveCfg = Debug|Any CPU
		{85238F85-2308-4E7C-AEFC-0D4E34568C16}.Debug|Any CPU.Build.0 = Debug|Any CPU
		{85238F85-2308-4E7C-AEFC-0D4E34568C16}.Release|Any CPU.ActiveCfg = Release|Any CPU
		{85238F85-2308-4E7C-AEFC-0D4E34568C16}.Release|Any CPU.Build.0 = Release|Any CPU
		{77FC4936-8C15-4614-9B31-A820816BC7D6}.Debug|Any CPU.ActiveCfg = Debug|Any CPU
		{77FC4936-8C15-4614-9B31-A820816BC7D6}.Debug|Any CPU.Build.0 = Debug|Any CPU
		{77FC4936-8C15-4614-9B31-A820816BC7D6}.Release|Any CPU.ActiveCfg = Release|Any CPU
		{77FC4936-8C15-4614-9B31-A820816BC7D6}.Release|Any CPU.Build.0 = Release|Any CPU
		{27A60E6F-00C7-417B-90B6-D927736755B8}.Debug|Any CPU.ActiveCfg = Debug|Any CPU
		{27A60E6F-00C7-417B-90B6-D927736755B8}.Debug|Any CPU.Build.0 = Debug|Any CPU
		{27A60E6F-00C7-417B-90B6-D927736755B8}.Release|Any CPU.ActiveCfg = Release|Any CPU
		{27A60E6F-00C7-417B-90B6-D927736755B8}.Release|Any CPU.Build.0 = Release|Any CPU
		{9788F3FD-322D-40CF-B838-A42872BD7695}.Debug|Any CPU.ActiveCfg = Debug|Any CPU
		{9788F3FD-322D-40CF-B838-A42872BD7695}.Debug|Any CPU.Build.0 = Debug|Any CPU
		{9788F3FD-322D-40CF-B838-A42872BD7695}.Release|Any CPU.ActiveCfg = Release|Any CPU
		{9788F3FD-322D-40CF-B838-A42872BD7695}.Release|Any CPU.Build.0 = Release|Any CPU
		{2D4DAEFA-A0E4-47D2-9367-ED1ABF2EB937}.Debug|Any CPU.ActiveCfg = Debug|Any CPU
		{2D4DAEFA-A0E4-47D2-9367-ED1ABF2EB937}.Debug|Any CPU.Build.0 = Debug|Any CPU
		{2D4DAEFA-A0E4-47D2-9367-ED1ABF2EB937}.Release|Any CPU.ActiveCfg = Release|Any CPU
		{2D4DAEFA-A0E4-47D2-9367-ED1ABF2EB937}.Release|Any CPU.Build.0 = Release|Any CPU
		{1D6C866F-8564-4ACE-8715-88A352AEF5FF}.Debug|Any CPU.ActiveCfg = Debug|Any CPU
		{1D6C866F-8564-4ACE-8715-88A352AEF5FF}.Debug|Any CPU.Build.0 = Debug|Any CPU
		{1D6C866F-8564-4ACE-8715-88A352AEF5FF}.Release|Any CPU.ActiveCfg = Release|Any CPU
		{1D6C866F-8564-4ACE-8715-88A352AEF5FF}.Release|Any CPU.Build.0 = Release|Any CPU
		{2BEB8EA0-21EA-41E4-BFFD-623C318BAE44}.Debug|Any CPU.ActiveCfg = Debug|Any CPU
		{2BEB8EA0-21EA-41E4-BFFD-623C318BAE44}.Debug|Any CPU.Build.0 = Debug|Any CPU
		{2BEB8EA0-21EA-41E4-BFFD-623C318BAE44}.Release|Any CPU.ActiveCfg = Release|Any CPU
		{2BEB8EA0-21EA-41E4-BFFD-623C318BAE44}.Release|Any CPU.Build.0 = Release|Any CPU
		{FAF21FAD-B09A-48E1-83FC-259230D3905B}.Debug|Any CPU.ActiveCfg = Debug|Any CPU
		{FAF21FAD-B09A-48E1-83FC-259230D3905B}.Debug|Any CPU.Build.0 = Debug|Any CPU
		{FAF21FAD-B09A-48E1-83FC-259230D3905B}.Release|Any CPU.ActiveCfg = Release|Any CPU
		{FAF21FAD-B09A-48E1-83FC-259230D3905B}.Release|Any CPU.Build.0 = Release|Any CPU
		{0689A387-AAF4-4E5A-B500-6654155166D6}.Debug|Any CPU.ActiveCfg = Debug|Any CPU
		{0689A387-AAF4-4E5A-B500-6654155166D6}.Debug|Any CPU.Build.0 = Debug|Any CPU
		{0689A387-AAF4-4E5A-B500-6654155166D6}.Release|Any CPU.ActiveCfg = Release|Any CPU
		{0689A387-AAF4-4E5A-B500-6654155166D6}.Release|Any CPU.Build.0 = Release|Any CPU
	EndGlobalSection
	GlobalSection(NestedProjects) = preSolution
		{EB2CC916-5632-447A-9510-37768DC422AF} = {277A73AC-4174-46F3-BD6B-09F7C5899973}
		{7A8BD6A1-7F84-42C4-8D35-08AE4D96789B} = {EB2CC916-5632-447A-9510-37768DC422AF}
		{3B6E9CA9-A44E-472C-9FF0-571AC1AE7E75} = {EB2CC916-5632-447A-9510-37768DC422AF}
		{74170980-D6A8-4B04-9AE1-FB541D365DCB} = {EB2CC916-5632-447A-9510-37768DC422AF}
		{57B760EC-D484-4B97-BD1D-6625ED19ABFE} = {277A73AC-4174-46F3-BD6B-09F7C5899973}
		{0A25BAC6-5013-4F71-AD45-D444B37AD445} = {57B760EC-D484-4B97-BD1D-6625ED19ABFE}
		{85238F85-2308-4E7C-AEFC-0D4E34568C16} = {0A25BAC6-5013-4F71-AD45-D444B37AD445}
		{77FC4936-8C15-4614-9B31-A820816BC7D6} = {0A25BAC6-5013-4F71-AD45-D444B37AD445}
		{27A60E6F-00C7-417B-90B6-D927736755B8} = {0A25BAC6-5013-4F71-AD45-D444B37AD445}
		{9788F3FD-322D-40CF-B838-A42872BD7695} = {5D27B827-81E3-4A16-8E78-E7951DB1D4BF}
		{2D4DAEFA-A0E4-47D2-9367-ED1ABF2EB937} = {5D27B827-81E3-4A16-8E78-E7951DB1D4BF}
		{1D6C866F-8564-4ACE-8715-88A352AEF5FF} = {CFC63B99-C402-48B1-B90E-3EE0D4560AE0}
		{2BEB8EA0-21EA-41E4-BFFD-623C318BAE44} = {CFC63B99-C402-48B1-B90E-3EE0D4560AE0}
		{FAF21FAD-B09A-48E1-83FC-259230D3905B} = {CFC63B99-C402-48B1-B90E-3EE0D4560AE0}
		{0689A387-AAF4-4E5A-B500-6654155166D6} = {CFC63B99-C402-48B1-B90E-3EE0D4560AE0}
	EndGlobalSection
EndGlobal
