
Microsoft Visual Studio Solution File, Format Version 12.00
# Visual Studio Version 17
VisualStudioVersion = 17.0.31903.59
MinimumVisualStudioVersion = 10.0.40219.1
Project("{2150E333-8FDC-42A3-9474-1A3956D46DE8}") = "src", "src", "{277A73AC-4174-46F3-BD6B-09F7C5899973}"
EndProject
Project("{2150E333-8FDC-42A3-9474-1A3956D46DE8}") = "Shared", "Shared", "{EB2CC916-5632-447A-9510-37768DC422AF}"
EndProject
Project("{FAE04EC0-301F-11D3-BF4B-00C04F79EFBC}") = "IDCOL.CBS.SharedKernel", "src\Shared\IDCOL.CBS.SharedKernel\IDCOL.CBS.SharedKernel.csproj", "{7A8BD6A1-7F84-42C4-8D35-08AE4D96789B}"
EndProject
Project("{FAE04EC0-301F-11D3-BF4B-00C04F79EFBC}") = "IDCOL.CBS.BuildingBlocks.Domain", "src\Shared\IDCOL.CBS.BuildingBlocks.Domain\IDCOL.CBS.BuildingBlocks.Domain.csproj", "{3B6E9CA9-A44E-472C-9FF0-571AC1AE7E75}"
EndProject
Project("{FAE04EC0-301F-11D3-BF4B-00C04F79EFBC}") = "IDCOL.CBS.BuildingBlocks.Application", "src\Shared\IDCOL.CBS.BuildingBlocks.Application\IDCOL.CBS.BuildingBlocks.Application.csproj", "{74170980-D6A8-4B04-9AE1-FB541D365DCB}"
EndProject
Project("{2150E333-8FDC-42A3-9474-1A3956D46DE8}") = "Modules", "Modules", "{57B760EC-D484-4B97-BD1D-6625ED19ABFE}"
EndProject
Project("{2150E333-8FDC-42A3-9474-1A3956D46DE8}") = "SystemAdmin", "SystemAdmin", "{0A25BAC6-5013-4F71-AD45-D444B37AD445}"
EndProject
Project("{FAE04EC0-301F-11D3-BF4B-00C04F79EFBC}") = "IDCOL.CBS.SystemAdmin.Domain", "src\Modules\SystemAdmin\IDCOL.CBS.SystemAdmin.Domain\IDCOL.CBS.SystemAdmin.Domain.csproj", "{85238F85-2308-4E7C-AEFC-0D4E34568C16}"
EndProject
Project("{FAE04EC0-301F-11D3-BF4B-00C04F79EFBC}") = "IDCOL.CBS.SystemAdmin.Application", "src\Modules\SystemAdmin\IDCOL.CBS.SystemAdmin.Application\IDCOL.CBS.SystemAdmin.Application.csproj", "{77FC4936-8C15-4614-9B31-A820816BC7D6}"
EndProject
Project("{FAE04EC0-301F-11D3-BF4B-00C04F79EFBC}") = "IDCOL.CBS.SystemAdmin.Infrastructure", "src\Modules\SystemAdmin\IDCOL.CBS.SystemAdmin.Infrastructure\IDCOL.CBS.SystemAdmin.Infrastructure.csproj", "{27A60E6F-00C7-417B-90B6-D927736755B8}"
EndProject
Project("{2150E333-8FDC-42A3-9474-1A3956D46DE8}") = "host", "host", "{5D27B827-81E3-4A16-8E78-E7951DB1D4BF}"
EndProject
Project("{FAE04EC0-301F-11D3-BF4B-00C04F79EFBC}") = "IDCOL.CBS.Api", "host\IDCOL.CBS.Api\IDCOL.CBS.Api.csproj", "{9788F3FD-322D-40CF-B838-A42872BD7695}"
EndProject
Project("{FAE04EC0-301F-11D3-BF4B-00C04F79EFBC}") = "IDCOL.CBS.Worker", "host\IDCOL.CBS.Worker\IDCOL.CBS.Worker.csproj", "{2D4DAEFA-A0E4-47D2-9367-ED1ABF2EB937}"
EndProject
Project("{2150E333-8FDC-42A3-9474-1A3956D46DE8}") = "tests", "tests", "{CFC63B99-C402-48B1-B90E-3EE0D4560AE0}"
EndProject
Project("{FAE04EC0-301F-11D3-BF4B-00C04F79EFBC}") = "IDCOL.CBS.SharedKernel.Tests", "tests\IDCOL.CBS.SharedKernel.Tests\IDCOL.CBS.SharedKernel.Tests.csproj", "{1D6C866F-8564-4ACE-8715-88A352AEF5FF}"
EndProject
Project("{FAE04EC0-301F-11D3-BF4B-00C04F79EFBC}") = "IDCOL.CBS.SystemAdmin.Domain.Tests", "tests\IDCOL.CBS.SystemAdmin.Domain.Tests\IDCOL.CBS.SystemAdmin.Domain.Tests.csproj", "{2BEB8EA0-21EA-41E4-BFFD-623C318BAE44}"
EndProject
Project("{FAE04EC0-301F-11D3-BF4B-00C04F79EFBC}") = "IDCOL.CBS.SystemAdmin.Infrastructure.IntegrationTests", "tests\IDCOL.CBS.SystemAdmin.Infrastructure.IntegrationTests\IDCOL.CBS.SystemAdmin.Infrastructure.IntegrationTests.csproj", "{FAF21FAD-B09A-48E1-83FC-259230D3905B}"
EndProject
Project("{FAE04EC0-301F-11D3-BF4B-00C04F79EFBC}") = "IDCOL.CBS.Api.IntegrationTests", "tests\IDCOL.CBS.Api.IntegrationTests\IDCOL.CBS.Api.IntegrationTests.csproj", "{0689A387-AAF4-4E5A-B500-6654155166D6}"
EndProject
Project("{2150E333-8FDC-42A3-9474-1A3956D46DE8}") = "RepaymentEngine", "RepaymentEngine", "{AB88B272-CB90-478B-A0C7-A2236D60B322}"
EndProject
Project("{FAE04EC0-301F-11D3-BF4B-00C04F79EFBC}") = "IDCOL.CBS.RepaymentEngine.Domain", "src\Modules\RepaymentEngine\IDCOL.CBS.RepaymentEngine.Domain\IDCOL.CBS.RepaymentEngine.Domain.csproj", "{9850F2A8-87A4-4D81-BA47-D660DCE405F6}"
EndProject
Project("{FAE04EC0-301F-11D3-BF4B-00C04F79EFBC}") = "IDCOL.CBS.RepaymentEngine.Application", "src\Modules\RepaymentEngine\IDCOL.CBS.RepaymentEngine.Application\IDCOL.CBS.RepaymentEngine.Application.csproj", "{4BD7AE00-FA49-4125-87EB-DF1259A797F6}"
EndProject
Project("{FAE04EC0-301F-11D3-BF4B-00C04F79EFBC}") = "IDCOL.CBS.RepaymentEngine.Domain.Tests", "tests\IDCOL.CBS.RepaymentEngine.Domain.Tests\IDCOL.CBS.RepaymentEngine.Domain.Tests.csproj", "{6C048B07-F491-4F50-AF4A-E4BA2EE5418E}"
EndProject
Project("{FAE04EC0-301F-11D3-BF4B-00C04F79EFBC}") = "IDCOL.CBS.RepaymentEngine.RegressionFixtures", "tests\IDCOL.CBS.RepaymentEngine.RegressionFixtures\IDCOL.CBS.RepaymentEngine.RegressionFixtures.csproj", "{6602ED41-43E7-4C43-B6BC-8B998656A7F9}"
EndProject
Project("{2150E333-8FDC-42A3-9474-1A3956D46DE8}") = "ProductConfig", "ProductConfig", "{D2792CC1-5295-4E43-BCB0-8DC42B80BDD2}"
EndProject
Project("{FAE04EC0-301F-11D3-BF4B-00C04F79EFBC}") = "IDCOL.CBS.ProductConfig.Domain", "src\Modules\ProductConfig\IDCOL.CBS.ProductConfig.Domain\IDCOL.CBS.ProductConfig.Domain.csproj", "{91DE5E3A-3F6D-4F10-B2C3-D2BCA7EE2B22}"
EndProject
Project("{FAE04EC0-301F-11D3-BF4B-00C04F79EFBC}") = "IDCOL.CBS.ProductConfig.Application", "src\Modules\ProductConfig\IDCOL.CBS.ProductConfig.Application\IDCOL.CBS.ProductConfig.Application.csproj", "{79348533-7935-4684-9AD4-847AB72F9615}"
EndProject
Project("{2150E333-8FDC-42A3-9474-1A3956D46DE8}") = "PartyKyc", "PartyKyc", "{430C0569-114C-4B7B-8572-F7F769E88AD6}"
EndProject
Project("{FAE04EC0-301F-11D3-BF4B-00C04F79EFBC}") = "IDCOL.CBS.PartyKyc.Domain", "src\Modules\PartyKyc\IDCOL.CBS.PartyKyc.Domain\IDCOL.CBS.PartyKyc.Domain.csproj", "{4BB687F9-8FD9-4016-B5CF-22A3C552456C}"
EndProject
Project("{FAE04EC0-301F-11D3-BF4B-00C04F79EFBC}") = "IDCOL.CBS.PartyKyc.Application", "src\Modules\PartyKyc\IDCOL.CBS.PartyKyc.Application\IDCOL.CBS.PartyKyc.Application.csproj", "{4747E449-88DB-4DB5-A073-0EE4678DB0C2}"
EndProject
Project("{2150E333-8FDC-42A3-9474-1A3956D46DE8}") = "CreditSanction", "CreditSanction", "{6D4453E9-5257-4975-8241-DD200E4EE1A0}"
EndProject
Project("{FAE04EC0-301F-11D3-BF4B-00C04F79EFBC}") = "IDCOL.CBS.CreditSanction.Domain", "src\Modules\CreditSanction\IDCOL.CBS.CreditSanction.Domain\IDCOL.CBS.CreditSanction.Domain.csproj", "{69D7271C-F462-44A6-B024-4A37BD3CB6F1}"
EndProject
Project("{FAE04EC0-301F-11D3-BF4B-00C04F79EFBC}") = "IDCOL.CBS.CreditSanction.Application", "src\Modules\CreditSanction\IDCOL.CBS.CreditSanction.Application\IDCOL.CBS.CreditSanction.Application.csproj", "{04CCADE6-AD40-46C9-BE21-ACF810B26CDE}"
EndProject
Project("{2150E333-8FDC-42A3-9474-1A3956D46DE8}") = "LoanLifecycle", "LoanLifecycle", "{B988FF94-5E8B-46B0-B1DE-D120A88CDA1A}"
EndProject
Project("{FAE04EC0-301F-11D3-BF4B-00C04F79EFBC}") = "IDCOL.CBS.LoanLifecycle.Infrastructure", "src\Modules\LoanLifecycle\IDCOL.CBS.LoanLifecycle.Infrastructure\IDCOL.CBS.LoanLifecycle.Infrastructure.csproj", "{17EC773F-BA30-4DB4-8DDD-D6BA92E698BF}"
EndProject
Project("{FAE04EC0-301F-11D3-BF4B-00C04F79EFBC}") = "IDCOL.CBS.LoanLifecycle.Domain.Tests", "tests\IDCOL.CBS.LoanLifecycle.Domain.Tests\IDCOL.CBS.LoanLifecycle.Domain.Tests.csproj", "{29DC282D-71CE-43F1-8BDB-B2E1C9D55490}"
EndProject
Project("{2150E333-8FDC-42A3-9474-1A3956D46DE8}") = "Disbursement", "Disbursement", "{F88F8FC1-9CE0-4F6F-ADFD-A9AB45460F93}"
EndProject
Project("{FAE04EC0-301F-11D3-BF4B-00C04F79EFBC}") = "IDCOL.CBS.Disbursement.Domain", "src\Modules\Disbursement\IDCOL.CBS.Disbursement.Domain\IDCOL.CBS.Disbursement.Domain.csproj", "{86227E00-9BBD-455B-AF7A-0927B14DAAD2}"
EndProject
Project("{FAE04EC0-301F-11D3-BF4B-00C04F79EFBC}") = "IDCOL.CBS.Disbursement.Application", "src\Modules\Disbursement\IDCOL.CBS.Disbursement.Application\IDCOL.CBS.Disbursement.Application.csproj", "{F72E055D-7759-4D70-B8D0-8A6D3F0598E9}"
EndProject
Project("{2150E333-8FDC-42A3-9474-1A3956D46DE8}") = "Collection", "Collection", "{A26CEC44-040E-48A1-967E-0D4318349C4F}"
EndProject
Project("{FAE04EC0-301F-11D3-BF4B-00C04F79EFBC}") = "IDCOL.CBS.Collection.Domain", "src\Modules\Collection\IDCOL.CBS.Collection.Domain\IDCOL.CBS.Collection.Domain.csproj", "{6CB7860B-400C-42E2-8B0F-CAC0E938242B}"
EndProject
Project("{FAE04EC0-301F-11D3-BF4B-00C04F79EFBC}") = "IDCOL.CBS.Collection.Application", "src\Modules\Collection\IDCOL.CBS.Collection.Application\IDCOL.CBS.Collection.Application.csproj", "{F8F5E6D6-B532-4F90-B72E-5B1400CDF6E5}"
EndProject
Global
	GlobalSection(SolutionConfigurationPlatforms) = preSolution
		Debug|Any CPU = Debug|Any CPU
		Release|Any CPU = Release|Any CPU
	EndGlobalSection
	GlobalSection(SolutionProperties) = preSolution
		HideSolutionNode = FALSE
	EndGlobalSection
	GlobalSection(ProjectConfigurationPlatforms) = postSolution
		{7A8BD6A1-7F84-42C4-8D35-08AE4D96789B}.Debug|Any CPU.ActiveCfg = Debug|Any CPU
		{7A8BD6A1-7F84-42C4-8D35-08AE4D96789B}.Debug|Any CPU.Build.0 = Debug|Any CPU
		{7A8BD6A1-7F84-42C4-8D35-08AE4D96789B}.Release|Any CPU.ActiveCfg = Release|Any CPU
		{7A8BD6A1-7F84-42C4-8D35-08AE4D96789B}.Release|Any CPU.Build.0 = Release|Any CPU
		{3B6E9CA9-A44E-472C-9FF0-571AC1AE7E75}.Debug|Any CPU.ActiveCfg = Debug|Any CPU
		{3B6E9CA9-A44E-472C-9FF0-571AC1AE7E75}.Debug|Any CPU.Build.0 = Debug|Any CPU
		{3B6E9CA9-A44E-472C-9FF0-571AC1AE7E75}.Release|Any CPU.ActiveCfg = Release|Any CPU
		{3B6E9CA9-A44E-472C-9FF0-571AC1AE7E75}.Release|Any CPU.Build.0 = Release|Any CPU
		{74170980-D6A8-4B04-9AE1-FB541D365DCB}.Debug|Any CPU.ActiveCfg = Debug|Any CPU
		{74170980-D6A8-4B04-9AE1-FB541D365DCB}.Debug|Any CPU.Build.0 = Debug|Any CPU
		{74170980-D6A8-4B04-9AE1-FB541D365DCB}.Release|Any CPU.ActiveCfg = Release|Any CPU
		{74170980-D6A8-4B04-9AE1-FB541D365DCB}.Release|Any CPU.Build.0 = Release|Any CPU
		{85238F85-2308-4E7C-AEFC-0D4E34568C16}.Debug|Any CPU.ActiveCfg = Debug|Any CPU
		{85238F85-2308-4E7C-AEFC-0D4E34568C16}.Debug|Any CPU.Build.0 = Debug|Any CPU
		{85238F85-2308-4E7C-AEFC-0D4E34568C16}.Release|Any CPU.ActiveCfg = Release|Any CPU
		{85238F85-2308-4E7C-AEFC-0D4E34568C16}.Release|Any CPU.Build.0 = Release|Any CPU
		{77FC4936-8C15-4614-9B31-A820816BC7D6}.Debug|Any CPU.ActiveCfg = Debug|Any CPU
		{77FC4936-8C15-4614-9B31-A820816BC7D6}.Debug|Any CPU.Build.0 = Debug|Any CPU
		{77FC4936-8C15-4614-9B31-A820816BC7D6}.Release|Any CPU.ActiveCfg = Release|Any CPU
		{77FC4936-8C15-4614-9B31-A820816BC7D6}.Release|Any CPU.Build.0 = Release|Any CPU
		{27A60E6F-00C7-417B-90B6-D927736755B8}.Debug|Any CPU.ActiveCfg = Debug|Any CPU
		{27A60E6F-00C7-417B-90B6-D927736755B8}.Debug|Any CPU.Build.0 = Debug|Any CPU
		{27A60E6F-00C7-417B-90B6-D927736755B8}.Release|Any CPU.ActiveCfg = Release|Any CPU
		{27A60E6F-00C7-417B-90B6-D927736755B8}.Release|Any CPU.Build.0 = Release|Any CPU
		{9788F3FD-322D-40CF-B838-A42872BD7695}.Debug|Any CPU.ActiveCfg = Debug|Any CPU
		{9788F3FD-322D-40CF-B838-A42872BD7695}.Debug|Any CPU.Build.0 = Debug|Any CPU
		{9788F3FD-322D-40CF-B838-A42872BD7695}.Release|Any CPU.ActiveCfg = Release|Any CPU
		{9788F3FD-322D-40CF-B838-A42872BD7695}.Release|Any CPU.Build.0 = Release|Any CPU
		{2D4DAEFA-A0E4-47D2-9367-ED1ABF2EB937}.Debug|Any CPU.ActiveCfg = Debug|Any CPU
		{2D4DAEFA-A0E4-47D2-9367-ED1ABF2EB937}.Debug|Any CPU.Build.0 = Debug|Any CPU
		{2D4DAEFA-A0E4-47D2-9367-ED1ABF2EB937}.Release|Any CPU.ActiveCfg = Release|Any CPU
		{2D4DAEFA-A0E4-47D2-9367-ED1ABF2EB937}.Release|Any CPU.Build.0 = Release|Any CPU
		{1D6C866F-8564-4ACE-8715-88A352AEF5FF}.Debug|Any CPU.ActiveCfg = Debug|Any CPU
		{1D6C866F-8564-4ACE-8715-88A352AEF5FF}.Debug|Any CPU.Build.0 = Debug|Any CPU
		{1D6C866F-8564-4ACE-8715-88A352AEF5FF}.Release|Any CPU.ActiveCfg = Release|Any CPU
		{1D6C866F-8564-4ACE-8715-88A352AEF5FF}.Release|Any CPU.Build.0 = Release|Any CPU
		{2BEB8EA0-21EA-41E4-BFFD-623C318BAE44}.Debug|Any CPU.ActiveCfg = Debug|Any CPU
		{2BEB8EA0-21EA-41E4-BFFD-623C318BAE44}.Debug|Any CPU.Build.0 = Debug|Any CPU
		{2BEB8EA0-21EA-41E4-BFFD-623C318BAE44}.Release|Any CPU.ActiveCfg = Release|Any CPU
		{2BEB8EA0-21EA-41E4-BFFD-623C318BAE44}.Release|Any CPU.Build.0 = Release|Any CPU
		{FAF21FAD-B09A-48E1-83FC-259230D3905B}.Debug|Any CPU.ActiveCfg = Debug|Any CPU
		{FAF21FAD-B09A-48E1-83FC-259230D3905B}.Debug|Any CPU.Build.0 = Debug|Any CPU
		{FAF21FAD-B09A-48E1-83FC-259230D3905B}.Release|Any CPU.ActiveCfg = Release|Any CPU
		{FAF21FAD-B09A-48E1-83FC-259230D3905B}.Release|Any CPU.Build.0 = Release|Any CPU
		{0689A387-AAF4-4E5A-B500-6654155166D6}.Debug|Any CPU.ActiveCfg = Debug|Any CPU
		{0689A387-AAF4-4E5A-B500-6654155166D6}.Debug|Any CPU.Build.0 = Debug|Any CPU
		{0689A387-AAF4-4E5A-B500-6654155166D6}.Release|Any CPU.ActiveCfg = Release|Any CPU
		{0689A387-AAF4-4E5A-B500-6654155166D6}.Release|Any CPU.Build.0 = Release|Any CPU
		{9850F2A8-87A4-4D81-BA47-D660DCE405F6}.Debug|Any CPU.ActiveCfg = Debug|Any CPU
		{9850F2A8-87A4-4D81-BA47-D660DCE405F6}.Debug|Any CPU.Build.0 = Debug|Any CPU
		{9850F2A8-87A4-4D81-BA47-D660DCE405F6}.Release|Any CPU.ActiveCfg = Release|Any CPU
		{9850F2A8-87A4-4D81-BA47-D660DCE405F6}.Release|Any CPU.Build.0 = Release|Any CPU
		{4BD7AE00-FA49-4125-87EB-DF1259A797F6}.Debug|Any CPU.ActiveCfg = Debug|Any CPU
		{4BD7AE00-FA49-4125-87EB-DF1259A797F6}.Debug|Any CPU.Build.0 = Debug|Any CPU
		{4BD7AE00-FA49-4125-87EB-DF1259A797F6}.Release|Any CPU.ActiveCfg = Release|Any CPU
		{4BD7AE00-FA49-4125-87EB-DF1259A797F6}.Release|Any CPU.Build.0 = Release|Any CPU
		{6C048B07-F491-4F50-AF4A-E4BA2EE5418E}.Debug|Any CPU.ActiveCfg = Debug|Any CPU
		{6C048B07-F491-4F50-AF4A-E4BA2EE5418E}.Debug|Any CPU.Build.0 = Debug|Any CPU
		{6C048B07-F491-4F50-AF4A-E4BA2EE5418E}.Release|Any CPU.ActiveCfg = Release|Any CPU
		{6C048B07-F491-4F50-AF4A-E4BA2EE5418E}.Release|Any CPU.Build.0 = Release|Any CPU
		{6602ED41-43E7-4C43-B6BC-8B998656A7F9}.Debug|Any CPU.ActiveCfg = Debug|Any CPU
		{6602ED41-43E7-4C43-B6BC-8B998656A7F9}.Debug|Any CPU.Build.0 = Debug|Any CPU
		{6602ED41-43E7-4C43-B6BC-8B998656A7F9}.Release|Any CPU.ActiveCfg = Release|Any CPU
		{6602ED41-43E7-4C43-B6BC-8B998656A7F9}.Release|Any CPU.Build.0 = Release|Any CPU
		{91DE5E3A-3F6D-4F10-B2C3-D2BCA7EE2B22}.Debug|Any CPU.ActiveCfg = Debug|Any CPU
		{91DE5E3A-3F6D-4F10-B2C3-D2BCA7EE2B22}.Debug|Any CPU.Build.0 = Debug|Any CPU
		{91DE5E3A-3F6D-4F10-B2C3-D2BCA7EE2B22}.Release|Any CPU.ActiveCfg = Release|Any CPU
		{91DE5E3A-3F6D-4F10-B2C3-D2BCA7EE2B22}.Release|Any CPU.Build.0 = Release|Any CPU
		{79348533-7935-4684-9AD4-847AB72F9615}.Debug|Any CPU.ActiveCfg = Debug|Any CPU
		{79348533-7935-4684-9AD4-847AB72F9615}.Debug|Any CPU.Build.0 = Debug|Any CPU
		{79348533-7935-4684-9AD4-847AB72F9615}.Release|Any CPU.ActiveCfg = Release|Any CPU
		{79348533-7935-4684-9AD4-847AB72F9615}.Release|Any CPU.Build.0 = Release|Any CPU
		{4BB687F9-8FD9-4016-B5CF-22A3C552456C}.Debug|Any CPU.ActiveCfg = Debug|Any CPU
		{4BB687F9-8FD9-4016-B5CF-22A3C552456C}.Debug|Any CPU.Build.0 = Debug|Any CPU
		{4BB687F9-8FD9-4016-B5CF-22A3C552456C}.Release|Any CPU.ActiveCfg = Release|Any CPU
		{4BB687F9-8FD9-4016-B5CF-22A3C552456C}.Release|Any CPU.Build.0 = Release|Any CPU
		{4747E449-88DB-4DB5-A073-0EE4678DB0C2}.Debug|Any CPU.ActiveCfg = Debug|Any CPU
		{4747E449-88DB-4DB5-A073-0EE4678DB0C2}.Debug|Any CPU.Build.0 = Debug|Any CPU
		{4747E449-88DB-4DB5-A073-0EE4678DB0C2}.Release|Any CPU.ActiveCfg = Release|Any CPU
		{4747E449-88DB-4DB5-A073-0EE4678DB0C2}.Release|Any CPU.Build.0 = Release|Any CPU
		{69D7271C-F462-44A6-B024-4A37BD3CB6F1}.Debug|Any CPU.ActiveCfg = Debug|Any CPU
		{69D7271C-F462-44A6-B024-4A37BD3CB6F1}.Debug|Any CPU.Build.0 = Debug|Any CPU
		{69D7271C-F462-44A6-B024-4A37BD3CB6F1}.Release|Any CPU.ActiveCfg = Release|Any CPU
		{69D7271C-F462-44A6-B024-4A37BD3CB6F1}.Release|Any CPU.Build.0 = Release|Any CPU
		{04CCADE6-AD40-46C9-BE21-ACF810B26CDE}.Debug|Any CPU.ActiveCfg = Debug|Any CPU
		{04CCADE6-AD40-46C9-BE21-ACF810B26CDE}.Debug|Any CPU.Build.0 = Debug|Any CPU
		{04CCADE6-AD40-46C9-BE21-ACF810B26CDE}.Release|Any CPU.ActiveCfg = Release|Any CPU
		{04CCADE6-AD40-46C9-BE21-ACF810B26CDE}.Release|Any CPU.Build.0 = Release|Any CPU
		{17EC773F-BA30-4DB4-8DDD-D6BA92E698BF}.Debug|Any CPU.ActiveCfg = Debug|Any CPU
		{17EC773F-BA30-4DB4-8DDD-D6BA92E698BF}.Debug|Any CPU.Build.0 = Debug|Any CPU
		{17EC773F-BA30-4DB4-8DDD-D6BA92E698BF}.Release|Any CPU.ActiveCfg = Release|Any CPU
		{17EC773F-BA30-4DB4-8DDD-D6BA92E698BF}.Release|Any CPU.Build.0 = Release|Any CPU
		{29DC282D-71CE-43F1-8BDB-B2E1C9D55490}.Debug|Any CPU.ActiveCfg = Debug|Any CPU
		{29DC282D-71CE-43F1-8BDB-B2E1C9D55490}.Debug|Any CPU.Build.0 = Debug|Any CPU
		{29DC282D-71CE-43F1-8BDB-B2E1C9D55490}.Release|Any CPU.ActiveCfg = Release|Any CPU
		{29DC282D-71CE-43F1-8BDB-B2E1C9D55490}.Release|Any CPU.Build.0 = Release|Any CPU
		{86227E00-9BBD-455B-AF7A-0927B14DAAD2}.Debug|Any CPU.ActiveCfg = Debug|Any CPU
		{86227E00-9BBD-455B-AF7A-0927B14DAAD2}.Debug|Any CPU.Build.0 = Debug|Any CPU
		{86227E00-9BBD-455B-AF7A-0927B14DAAD2}.Release|Any CPU.ActiveCfg = Release|Any CPU
		{86227E00-9BBD-455B-AF7A-0927B14DAAD2}.Release|Any CPU.Build.0 = Release|Any CPU
		{F72E055D-7759-4D70-B8D0-8A6D3F0598E9}.Debug|Any CPU.ActiveCfg = Debug|Any CPU
		{F72E055D-7759-4D70-B8D0-8A6D3F0598E9}.Debug|Any CPU.Build.0 = Debug|Any CPU
		{F72E055D-7759-4D70-B8D0-8A6D3F0598E9}.Release|Any CPU.ActiveCfg = Release|Any CPU
		{F72E055D-7759-4D70-B8D0-8A6D3F0598E9}.Release|Any CPU.Build.0 = Release|Any CPU
		{6CB7860B-400C-42E2-8B0F-CAC0E938242B}.Debug|Any CPU.ActiveCfg = Debug|Any CPU
		{6CB7860B-400C-42E2-8B0F-CAC0E938242B}.Debug|Any CPU.Build.0 = Debug|Any CPU
		{6CB7860B-400C-42E2-8B0F-CAC0E938242B}.Release|Any CPU.ActiveCfg = Release|Any CPU
		{6CB7860B-400C-42E2-8B0F-CAC0E938242B}.Release|Any CPU.Build.0 = Release|Any CPU
		{F8F5E6D6-B532-4F90-B72E-5B1400CDF6E5}.Debug|Any CPU.ActiveCfg = Debug|Any CPU
		{F8F5E6D6-B532-4F90-B72E-5B1400CDF6E5}.Debug|Any CPU.Build.0 = Debug|Any CPU
		{F8F5E6D6-B532-4F90-B72E-5B1400CDF6E5}.Release|Any CPU.ActiveCfg = Release|Any CPU
		{F8F5E6D6-B532-4F90-B72E-5B1400CDF6E5}.Release|Any CPU.Build.0 = Release|Any CPU
	EndGlobalSection
	GlobalSection(NestedProjects) = preSolution
		{EB2CC916-5632-447A-9510-37768DC422AF} = {277A73AC-4174-46F3-BD6B-09F7C5899973}
		{7A8BD6A1-7F84-42C4-8D35-08AE4D96789B} = {EB2CC916-5632-447A-9510-37768DC422AF}
		{3B6E9CA9-A44E-472C-9FF0-571AC1AE7E75} = {EB2CC916-5632-447A-9510-37768DC422AF}
		{74170980-D6A8-4B04-9AE1-FB541D365DCB} = {EB2CC916-5632-447A-9510-37768DC422AF}
		{57B760EC-D484-4B97-BD1D-6625ED19ABFE} = {277A73AC-4174-46F3-BD6B-09F7C5899973}
		{0A25BAC6-5013-4F71-AD45-D444B37AD445} = {57B760EC-D484-4B97-BD1D-6625ED19ABFE}
		{85238F85-2308-4E7C-AEFC-0D4E34568C16} = {0A25BAC6-5013-4F71-AD45-D444B37AD445}
		{77FC4936-8C15-4614-9B31-A820816BC7D6} = {0A25BAC6-5013-4F71-AD45-D444B37AD445}
		{27A60E6F-00C7-417B-90B6-D927736755B8} = {0A25BAC6-5013-4F71-AD45-D444B37AD445}
		{9788F3FD-322D-40CF-B838-A42872BD7695} = {5D27B827-81E3-4A16-8E78-E7951DB1D4BF}
		{2D4DAEFA-A0E4-47D2-9367-ED1ABF2EB937} = {5D27B827-81E3-4A16-8E78-E7951DB1D4BF}
		{1D6C866F-8564-4ACE-8715-88A352AEF5FF} = {CFC63B99-C402-48B1-B90E-3EE0D4560AE0}
		{2BEB8EA0-21EA-41E4-BFFD-623C318BAE44} = {CFC63B99-C402-48B1-B90E-3EE0D4560AE0}
		{FAF21FAD-B09A-48E1-83FC-259230D3905B} = {CFC63B99-C402-48B1-B90E-3EE0D4560AE0}
		{0689A387-AAF4-4E5A-B500-6654155166D6} = {CFC63B99-C402-48B1-B90E-3EE0D4560AE0}
		{AB88B272-CB90-478B-A0C7-A2236D60B322} = {57B760EC-D484-4B97-BD1D-6625ED19ABFE}
		{9850F2A8-87A4-4D81-BA47-D660DCE405F6} = {AB88B272-CB90-478B-A0C7-A2236D60B322}
		{4BD7AE00-FA49-4125-87EB-DF1259A797F6} = {AB88B272-CB90-478B-A0C7-A2236D60B322}
		{6C048B07-F491-4F50-AF4A-E4BA2EE5418E} = {CFC63B99-C402-48B1-B90E-3EE0D4560AE0}
		{6602ED41-43E7-4C43-B6BC-8B998656A7F9} = {CFC63B99-C402-48B1-B90E-3EE0D4560AE0}
		{D2792CC1-5295-4E43-BCB0-8DC42B80BDD2} = {57B760EC-D484-4B97-BD1D-6625ED19ABFE}
		{91DE5E3A-3F6D-4F10-B2C3-D2BCA7EE2B22} = {D2792CC1-5295-4E43-BCB0-8DC42B80BDD2}
		{79348533-7935-4684-9AD4-847AB72F9615} = {D2792CC1-5295-4E43-BCB0-8DC42B80BDD2}
		{430C0569-114C-4B7B-8572-F7F769E88AD6} = {57B760EC-D484-4B97-BD1D-6625ED19ABFE}
		{4BB687F9-8FD9-4016-B5CF-22A3C552456C} = {430C0569-114C-4B7B-8572-F7F769E88AD6}
		{4747E449-88DB-4DB5-A073-0EE4678DB0C2} = {430C0569-114C-4B7B-8572-F7F769E88AD6}
		{6D4453E9-5257-4975-8241-DD200E4EE1A0} = {57B760EC-D484-4B97-BD1D-6625ED19ABFE}
		{69D7271C-F462-44A6-B024-4A37BD3CB6F1} = {6D4453E9-5257-4975-8241-DD200E4EE1A0}
		{04CCADE6-AD40-46C9-BE21-ACF810B26CDE} = {6D4453E9-5257-4975-8241-DD200E4EE1A0}
		{B988FF94-5E8B-46B0-B1DE-D120A88CDA1A} = {57B760EC-D484-4B97-BD1D-6625ED19ABFE}
		{17EC773F-BA30-4DB4-8DDD-D6BA92E698BF} = {B988FF94-5E8B-46B0-B1DE-D120A88CDA1A}
		{29DC282D-71CE-43F1-8BDB-B2E1C9D55490} = {CFC63B99-C402-48B1-B90E-3EE0D4560AE0}
		{F88F8FC1-9CE0-4F6F-ADFD-A9AB45460F93} = {57B760EC-D484-4B97-BD1D-6625ED19ABFE}
		{86227E00-9BBD-455B-AF7A-0927B14DAAD2} = {F88F8FC1-9CE0-4F6F-ADFD-A9AB45460F93}
		{F72E055D-7759-4D70-B8D0-8A6D3F0598E9} = {F88F8FC1-9CE0-4F6F-ADFD-A9AB45460F93}
		{A26CEC44-040E-48A1-967E-0D4318349C4F} = {57B760EC-D484-4B97-BD1D-6625ED19ABFE}
		{6CB7860B-400C-42E2-8B0F-CAC0E938242B} = {A26CEC44-040E-48A1-967E-0D4318349C4F}
		{F8F5E6D6-B532-4F90-B72E-5B1400CDF6E5} = {A26CEC44-040E-48A1-967E-0D4318349C4F}
	EndGlobalSection
EndGlobal
